{
  "lockfileVersion": 1,
  "configVersion": 1,
  "workspaces": {
    "": {
      "name": "memcurio",
      "dependencies": {
        "@deepseek-ai/schemastery": "^3.18.2",
      },
      "devDependencies": {
        "@biomejs/biome": "^2.5.7",
        "@deepseek-ai/cordis": "4.0.2",
        "@deepseek-ai/dsh-agent": "0.1.5-rc.1",
        "@deepseek-ai/dsh-compaction": "0.1.5-rc.1",
        "@deepseek-ai/dsh-invariants": "0.1.5-rc.1",
        "@deepseek-ai/dsh-llm": "0.1.5-rc.1",
        "@deepseek-ai/dsh-session": "0.1.5-rc.1",
        "@deepseek-ai/dsh-system-prompt": "0.1.5-rc.1",
        "@deepseek-ai/dsh-tools": "0.1.5-rc.1",
        "@types/bun": "^1.3.14",
        "@types/node": "^24.0.0",
        "typescript": "5.9.3",
      },
      "peerDependencies": {
        "@deepseek-ai/cordis": "^4.0.2",
        "@deepseek-ai/dsh-agent": "^0.1.2-rc.1",
        "@deepseek-ai/dsh-compaction": "^0.1.2-rc.1",
        "@deepseek-ai/dsh-llm": "^0.1.2-rc.1",
        "@deepseek-ai/dsh-session": "^0.1.2-rc.1",
        "@deepseek-ai/dsh-tools": "^0.1.2-rc.1",
      },
      "optionalPeers": [
        "@deepseek-ai/cordis",
        "@deepseek-ai/dsh-agent",
        "@deepseek-ai/dsh-compaction",
        "@deepseek-ai/dsh-llm",
        "@deepseek-ai/dsh-session",
        "@deepseek-ai/dsh-tools",
      ],
    },
  },
  "packages": {
    "@biomejs/biome": ["@biomejs/biome@2.5.12", "", { "optionalDependencies": { "@biomejs/cli-darwin-arm64": "2.5.12", "@biomejs/cli-darwin-x64": "2.5.12", "@biomejs/cli-linux-arm64": "2.5.12", "@biomejs/cli-linux-arm64-musl": "2.5.12", "@biomejs/cli-linux-x64": "2.5.12", "@biomejs/cli-linux-x64-musl": "2.5.12", "@biomejs/cli-win32-arm64": "2.5.12", "@biomejs/cli-win32-x64": "2.5.12" }, "bin": { "biome": "bin/biome" } }, "sha512-Lw4VHZRebrReBBnlHa12JQjnIBm3JJAA55PDB9LbBVBF0q4RYphm6KfmIjqtPhf61MxZ5Q9KoK8R8x+7per5Aw=="],

    "@biomejs/cli-darwin-arm64": ["@biomejs/cli-darwin-arm64@2.5.12", "", { "os": "darwin", "cpu": "arm64" }, "sha512-lCRY1rwgNeWNgTr4DI/u6ZwXTRwRLHAvbaio1YLLGS+4r1nhvB2ssyPqIpfUSmRveNfv0fn/N58C7CAdK2XVrg=="],

    "@biomejs/cli-darwin-x64": ["@biomejs/cli-darwin-x64@2.5.12", "", { "os": "darwin", "cpu": "x64" }, "sha512-vhPgwnh+6tN3ArdAXuET99xaNbFt7CG82Bqn+omHVLC5xdVx45JsYjGPmUIGNzjDek5XdNCP1HKksK7fn8+3bQ=="],

    "@biomejs/cli-linux-arm64": ["@biomejs/cli-linux-arm64@2.5.12", "", { "os": "linux", "cpu": "arm64" }, "sha512-2gp8aVwXYKdAtmBfRFCUuyDMcfN1ahHqUkGfLYrZlNRFmryMATLVvJgWKvyA8wu4Rwn5OSxM1UcUmOuOFNGeBQ=="],

    "@biomejs/cli-linux-arm64-musl": ["@biomejs/cli-linux-arm64-musl@2.5.12", "", { "os": "linux", "cpu": "arm64" }, "sha512-couHYjFLL5uuI8ne6zhT7KwEsXo5YP7ry/2xmEqah7qanu0YmfDi3mwJg47YXSuv/NpZj22CZzcRH/5c4gjPSQ=="],

    "@biomejs/cli-linux-x64": ["@biomejs/cli-linux-x64@2.5.12", "", { "os": "linux", "cpu": "x64" }, "sha512-SnvOs3TSTiuia4SQOUNe1aWC9RT4+YkjcKnOhL/nsKOV0k5ycgBkDzF0lUxKn1V7Q8CLTRq6iV23ZAivHomRoA=="],

    "@biomejs/cli-linux-x64-musl": ["@biomejs/cli-linux-x64-musl@2.5.12", "", { "os": "linux", "cpu": "x64" }, "sha512-8A0oDW58/w9f/PQNYuq0sGUZtGtGrkNF4Z6n0PUoXpLCshi85vtKTv1XSznQawhdE4MXJ8ufpzHXyLFe87M/+w=="],

    "@biomejs/cli-win32-arm64": ["@biomejs/cli-win32-arm64@2.5.12", "", { "os": "win32", "cpu": "arm64" }, "sha512-b9vtoZFsuZt1pdjNwJvXl0f+BpayRzV008uS2+JpmwIKdSE2qdu4A/l04FESwLoou5g2E/Qlec0xwJydZplH+A=="],

    "@biomejs/cli-win32-x64": ["@biomejs/cli-win32-x64@2.5.12", "", { "os": "win32", "cpu": "x64" }, "sha512-B1R/l+CwEpKFSuqiwePzPNRk1EiJN8kc0UhdafNz6MZN9v5OFP9HYP1irptvWzHrwVI4blVNGMbxc5zt70m3IA=="],

    "@deepseek-ai/cordis": ["@deepseek-ai/cordis@4.0.2", "", { "dependencies": { "@deepseek-ai/cosmokit": "^1.8.3", "@standard-schema/spec": "^1.1.0" }, "peerDependencies": { "@deepseek-ai/cordis-plugin-include": "^1.0.7", "@deepseek-ai/cordis-plugin-loader": "^1.0.3" }, "optionalPeers": ["@deepseek-ai/cordis-plugin-include", "@deepseek-ai/cordis-plugin-loader"], "bin": { "cordis": "bin.js" } }, "sha512-asOnXP1TzFSFQlHb1iegDZp0z/8WD1c7YNrwJR/Tx2bzNuMXfcekE/I67Iv6SQXeLB4csxqCngzQKANP7gdw0g=="],

    "@deepseek-ai/cosmokit": ["@deepseek-ai/cosmokit@1.8.3", "", {}, "sha512-qBo+ronVM6Eu2WNVJXi8JcMiqZ19T9BRIpV+5qJUFPXjGH/Z0QKcQMC/IZJ7L394YTOtJgcovbk9qP0w2GsBXQ=="],

    "@deepseek-ai/dsh-agent": ["@deepseek-ai/dsh-agent@0.1.5-rc.1", "", { "peerDependencies": { "@deepseek-ai/cordis": "^4.0.2", "@deepseek-ai/dsh-invariants": "^0.1.5-rc.1", "@deepseek-ai/dsh-llm": "^0.1.5-rc.1", "@deepseek-ai/dsh-scope": "^0.1.5-rc.1", "@deepseek-ai/dsh-session": "^0.1.5-rc.1", "@deepseek-ai/dsh-session-projection": "^0.1.5-rc.1", "@deepseek-ai/dsh-system-prompt": "^0.1.5-rc.1", "@deepseek-ai/dsh-typert-protocol": "^0.1.5-rc.1", "@deepseek-ai/dsh-util-values": "^0.1.5-rc.1" } }, "sha512-obIPyTSjq1y0Yhasm3mLhK5BW6Ge0VQoRT8FBt0ooLsct2+pFAjgyd7GP3KzFaz7zaEhQJ/NNEmCaU0KOsYutg=="],

    "@deepseek-ai/dsh-attachment": ["@deepseek-ai/dsh-attachment@0.1.2-rc.1", "", { "peerDependencies": { "@deepseek-ai/cordis": "^4.0.2", "@deepseek-ai/dsh-brand": "^0.1.2-rc.1" } }, "sha512-QISKUjEITusLvAkqPLRn70xDUt+GjjY41pISjtPKYcZ4EGmayzhgZ3VJNYEcC+rbaF44hs2o/0VhOwHA7lyxjw=="],

    "@deepseek-ai/dsh-brand": ["@deepseek-ai/dsh-brand@0.1.5-rc.2", "", { "peerDependencies": { "@deepseek-ai/cordis": "^4.0.2" } }, "sha512-/+3TzQRYT4M8NINZ9OrsL5VWNyQSXof8mFLx3txiosWA7Bt0H6UcxUdKGXVwj6gCXhsQ74mzEHm2ucsflG0mYA=="],

    "@deepseek-ai/dsh-code-runtime": ["@deepseek-ai/dsh-code-runtime@0.1.2-rc.1", "", { "peerDependencies": { "@deepseek-ai/cordis": "^4.0.2" } }, "sha512-dv5UszPJb/AFcarZc2c6h5z/X80bsrSd3bfIOugwNVclSI6P+L3ixseoZKgyks7T0Ap0h6ngXGk2WeoUkmYxnQ=="],

    "@deepseek-ai/dsh-commands": ["@deepseek-ai/dsh-commands@0.1.2-rc.1", "", { "dependencies": { "@deepseek-ai/dsh-util-crypto": "^0.1.2-rc.1", "zod": "^4.4.3" }, "peerDependencies": { "@deepseek-ai/cordis": "^4.0.2", "@deepseek-ai/dsh-agent": "^0.1.2-rc.1", "@deepseek-ai/dsh-attachment": "^0.1.2-rc.1", "@deepseek-ai/dsh-brand": "^0.1.2-rc.1", "@deepseek-ai/dsh-invariants": "^0.1.2-rc.1", "@deepseek-ai/dsh-llm": "^0.1.2-rc.1", "@deepseek-ai/dsh-scope": "^0.1.2-rc.1", "@deepseek-ai/dsh-session": "^0.1.2-rc.1", "@deepseek-ai/dsh-typert-protocol": "^0.1.2-rc.1" } }, "sha512-uBh4JTX7pOkFhmbWjXjVLnOQOawyccC7+DazbHrLRN6/wy4OgTRH+DaW0+ibLq+XRAO19OvBTtuoh3x/KkJx1Q=="],

    "@deepseek-ai/dsh-compaction": ["@deepseek-ai/dsh-compaction@0.1.5-rc.1", "", { "peerDependencies": { "@deepseek-ai/cordis": "^4.0.2", "@deepseek-ai/dsh-brand": "^0.1.5-rc.1", "@deepseek-ai/dsh-commands": "^0.1.5-rc.1", "@deepseek-ai/dsh-invariants": "^0.1.5-rc.1", "@deepseek-ai/dsh-llm": "^0.1.5-rc.1", "@deepseek-ai/dsh-session": "^0.1.5-rc.1" } }, "sha512-DF1BcWNwA997vrR94yfxVxSvXCVejgv8/ytxNkxvliKK79wFr6DMPAdv9ludapE5PXVO62PLgjV4CE2lxW53fA=="],

    "@deepseek-ai/dsh-invariants": ["@deepseek-ai/dsh-invariants@0.1.5-rc.1", "", { "dependencies": { "@deepseek-ai/schemastery": "^3.18.2" }, "peerDependencies": { "@deepseek-ai/cordis": "^4.0.2" } }, "sha512-iXhJJ3r34NHFEWiuc5pxXlU19hPfNclvH9Ll0X7CzQ39Oh/4UlfO3DBlLpBU7T9fE/y7/UkuI1aRt+dNeiVQsQ=="],

    "@deepseek-ai/dsh-llm": ["@deepseek-ai/dsh-llm@0.1.5-rc.1", "", { "dependencies": { "@deepseek-ai/dsh-brand": "^0.1.5-rc.1", "@deepseek-ai/dsh-timeout": "^0.1.5-rc.1", "@deepseek-ai/dsh-typert-protocol": "^0.1.5-rc.1", "@deepseek-ai/dsh-util-crypto": "^0.1.5-rc.1", "@deepseek-ai/dsh-util-values": "^0.1.5-rc.1", "@deepseek-ai/schemastery": "^3.18.2", "zod": "^4.4.3" }, "peerDependencies": { "@deepseek-ai/cordis": "^4.0.2" } }, "sha512-KPKJFTNLjURphuF4NlS8DRK94CUYL/dKB8Hzg/22jtxAFO2paX3ifL0vhdPq9xPbcyplaF7LYlf0+3+pXFTnTg=="],

    "@deepseek-ai/dsh-scope": ["@deepseek-ai/dsh-scope@0.1.2-rc.1", "", { "peerDependencies": { "@deepseek-ai/cordis": "^4.0.2", "@deepseek-ai/dsh-invariants": "^0.1.2-rc.1" } }, "sha512-GHwbzWrGbmE0ZGzAZsXBudpyCM9ENCpXxlKODIaPFbIWhRePh6nH2jW47TAOqCIsPPedWC2p3w8Tx5WAa3I/2A=="],

    "@deepseek-ai/dsh-session": ["@deepseek-ai/dsh-session@0.1.5-rc.1", "", { "dependencies": { "@deepseek-ai/dsh-brand": "^0.1.5-rc.1", "@deepseek-ai/dsh-llm": "^0.1.5-rc.1", "@deepseek-ai/dsh-util-values": "^0.1.5-rc.1" }, "peerDependencies": { "@deepseek-ai/cordis": "^4.0.2", "@deepseek-ai/dsh-scope": "^0.1.5-rc.1" } }, "sha512-0YBBrzkCbVEJolS/OpD0DZMSozmYxUTZopiG76MXInjOFBW9J4ca1a8WUjJjqelP1nJTmWGKXp92HcvNEny0Dg=="],

    "@deepseek-ai/dsh-session-projection": ["@deepseek-ai/dsh-session-projection@0.1.2-rc.1", "", { "dependencies": { "zod": "^4.4.3" }, "peerDependencies": { "@deepseek-ai/cordis": "^4.0.2", "@deepseek-ai/dsh-session": "^0.1.2-rc.1" } }, "sha512-qVWlIzPm4u9vzQ5G/QtE6jeSJ3b3b42hWVJj664BurEZlHbAfdqkhYc1QsoBU+5k5kUEJFHh07z8HxuXA9kTnQ=="],

    "@deepseek-ai/dsh-system-prompt": ["@deepseek-ai/dsh-system-prompt@0.1.5-rc.1", "", { "dependencies": { "@deepseek-ai/schemastery": "^3.18.2" }, "peerDependencies": { "@deepseek-ai/cordis": "^4.0.2", "@deepseek-ai/dsh-invariants": "^0.1.5-rc.1", "@deepseek-ai/dsh-llm": "^0.1.5-rc.1", "@deepseek-ai/dsh-scope": "^0.1.5-rc.1" } }, "sha512-RAdO9biQoga1vAVTQY9J7THexiOE1FOd1Nli021MQt+Zf73c83BSd2DwXb0WDilLaMeSxZPaIRRqoXpJlpmLIA=="],

    "@deepseek-ai/dsh-timeout": ["@deepseek-ai/dsh-timeout@0.1.5-rc.2", "", { "peerDependencies": { "@deepseek-ai/cordis": "^4.0.2" } }, "sha512-FgfaAw8Zt5X4Y6Ljh833B8Hy7h96FeR+yjNKI3iSyZSqREqOBgvDGXFfQlSu6V3Buvw/cbI/CJUQJvfRBKXOiA=="],

    "@deepseek-ai/dsh-tools": ["@deepseek-ai/dsh-tools@0.1.5-rc.1", "", { "dependencies": { "@deepseek-ai/dsh-brand": "^0.1.5-rc.1", "@deepseek-ai/dsh-util-values": "^0.1.5-rc.1", "@deepseek-ai/schemastery": "^3.18.2" }, "peerDependencies": { "@deepseek-ai/cordis": "^4.0.2", "@deepseek-ai/dsh-agent": "^0.1.5-rc.1", "@deepseek-ai/dsh-code-runtime": "^0.1.5-rc.1", "@deepseek-ai/dsh-invariants": "^0.1.5-rc.1", "@deepseek-ai/dsh-llm": "^0.1.5-rc.1", "@deepseek-ai/dsh-scope": "^0.1.5-rc.1", "@deepseek-ai/dsh-session": "^0.1.5-rc.1", "@deepseek-ai/dsh-system-prompt": "^0.1.5-rc.1", "@deepseek-ai/dsh-user-approval": "^0.1.5-rc.1" } }, "sha512-I5AUxKTqUrC0nvRO4UcpU+f65P+nKs5BUrS2nqZehhFZ2rVxhUAJ7YdORcY6pVkBTB15nPr5gK0WPgwyfS217w=="],

    "@deepseek-ai/dsh-typert-protocol": ["@deepseek-ai/dsh-typert-protocol@0.1.5-rc.2", "", { "peerDependencies": { "@deepseek-ai/cordis": "^4.0.2" } }, "sha512-zP8J20rBXa1AFjKL2i83JBeQcePZx8yal3pNojj4t7CCokMcoFMUbr50woa6fY1tRJ7qHxgypO3rH8Q6YWgmiA=="],

    "@deepseek-ai/dsh-user-approval": ["@deepseek-ai/dsh-user-approval@0.1.2-rc.1", "", { "dependencies": { "@deepseek-ai/schemastery": "^3.18.2" }, "peerDependencies": { "@deepseek-ai/cordis": "^4.0.2", "@deepseek-ai/dsh-agent": "^0.1.2-rc.1", "@deepseek-ai/dsh-brand": "^0.1.2-rc.1", "@deepseek-ai/dsh-invariants": "^0.1.2-rc.1", "@deepseek-ai/dsh-llm": "^0.1.2-rc.1", "@deepseek-ai/dsh-scope": "^0.1.2-rc.1", "@deepseek-ai/dsh-session": "^0.1.2-rc.1", "@deepseek-ai/dsh-system-prompt": "^0.1.2-rc.1" } }, "sha512-oYkLE4a/TwqVNi299pUf/QP1Yku6KScdUCTUyYbjaRBcN+/pXPpHikl2aoE2thH9D0uT/Kj6T2kz+wDDcFd9Xg=="],

    "@deepseek-ai/dsh-util-crypto": ["@deepseek-ai/dsh-util-crypto@0.1.5-rc.2", "", { "peerDependencies": { "@deepseek-ai/cordis": "^4.0.2" } }, "sha512-JR0aJEUL35RE8FVT89wMZMbPwMrbkjNcy+gE9pq70d/m2Zxw3a0iNer+BAxPAKYPbmy0xDDXReTwXiecKVy4sQ=="],

    "@deepseek-ai/dsh-util-values": ["@deepseek-ai/dsh-util-values@0.1.5-rc.2", "", { "peerDependencies": { "@deepseek-ai/cordis": "^4.0.2" } }, "sha512-Cr0TkM6dFAD+Iy4sNXH/afJVMHwJXoOztivj+RflkYoACsOq+Ix0vdHn36hwW7mayU8OK3ZKIZUQ6BPo1fHvUg=="],

    "@deepseek-ai/schemastery": ["@deepseek-ai/schemastery@3.18.2", "", { "dependencies": { "@deepseek-ai/cosmokit": "^1.8.3", "@standard-schema/spec": "^1.1.0" } }, "sha512-njDtZsznjYxok7KLLlHOPyuv2efdWVbSflAHgztSfbMsg+CVraEoRe2DjOCgClYv3ZCSm7WXoaUkbB/+RY7tWQ=="],

    "@standard-schema/spec": ["@standard-schema/spec@1.1.0", "", {}, "sha512-l2aFy5jALhniG5HgqrD6jXLi/rUWrKvqN/qJx6yoJsgKhblVd+iqqU4RCXavm/jPityDo5TCvKMnpjKnOriy0w=="],

    "@types/bun": ["@types/bun@1.4.0", "", { "dependencies": { "bun-types": "1.4.0" } }, "sha512-K+lZULY23vRgK/CfTjFIV+tyifaNdSMlPh9j+6mQ/cLfpOznLyAuzgV/JQysyECpkBQLVMSyvjlr2fBUSA9wFQ=="],

    "@types/node": ["@types/node@24.13.3", "", { "dependencies": { "undici-types": "~7.18.0" } }, "sha512-Dh8vAsV36ig5wa9OX4pXvMc9D3Veibfw2wix0CUwYODLD8nkj9UsLjASr49nPg+2eKzxhBV+v7L8pXvT4e639Q=="],

    "bun-types": ["bun-types@1.4.0", "", { "dependencies": { "@types/node": "*" } }, "sha512-iIKw23BspnQQYd3prITOBxeUsxBHnwzX6YJfGMuNOZzeNcMmVqzIIVGRm1l69ogaPQmb4wB6BN8mA5bE9YuC5Q=="],

    "typescript": ["typescript@5.9.3", "", { "bin": { "tsc": "bin/tsc", "tsserver": "bin/tsserver" } }, "sha512-jl1vZzPDinLr9eUt3J/t7V6FgNEw9QjvBPdysz9KfQDD41fQrC2Y4vKQdiaUpFT4bXlb1RHhLpp8wtm6M5TgSw=="],

    "undici-types": ["undici-types@7.18.2", "", {}, "sha512-AsuCzffGHJybSaRrmr5eHr81mwJU3kjw6M+uprWvCXiNeN9SOGwQ3Jn8jb8m3Z6izVgknn1R0FTCEAP2QrLY/w=="],

    "zod": ["zod@4.4.3", "", {}, "sha512-ytENFjIJFl2UwYglde2jchW2Hwm4GJFLDiSXWdTrJQBIN9Fcyp7n4DhxJEiWNAJMV1/BqWfW/kkg71UDcHJyTQ=="],

    "@deepseek-ai/dsh-attachment/@deepseek-ai/dsh-brand": ["@deepseek-ai/dsh-brand@0.1.2-rc.1", "", { "peerDependencies": { "@deepseek-ai/cordis": "^4.0.2" } }, "sha512-y2RHIag3kzLdY8kTBuSUSTsKzWPscJrysNObXTiNM7stXLpa3jXpshsB1caqGzNx50vYcmHeN1gFVECgx3NZHg=="],

    "@deepseek-ai/dsh-commands/@deepseek-ai/dsh-brand": ["@deepseek-ai/dsh-brand@0.1.2-rc.1", "", { "peerDependencies": { "@deepseek-ai/cordis": "^4.0.2" } }, "sha512-y2RHIag3kzLdY8kTBuSUSTsKzWPscJrysNObXTiNM7stXLpa3jXpshsB1caqGzNx50vYcmHeN1gFVECgx3NZHg=="],

    "@deepseek-ai/dsh-commands/@deepseek-ai/dsh-typert-protocol": ["@deepseek-ai/dsh-typert-protocol@0.1.2-rc.1", "", { "peerDependencies": { "@deepseek-ai/cordis": "^4.0.2" } }, "sha512-vBWD0NpriPd96ltbWaAw+iKeWFIEjiAcCWYtmqEcV1Ms+FaV02usjjm7LCmhSQhMZpBSBc7EZUX0spGlpjI1bA=="],

    "@deepseek-ai/dsh-commands/@deepseek-ai/dsh-util-crypto": ["@deepseek-ai/dsh-util-crypto@0.1.2-rc.1", "", { "peerDependencies": { "@deepseek-ai/cordis": "^4.0.2" } }, "sha512-gE8FznQ1hkknw9QMrHNSlm3UEyRYuj3MLVvlJ6NyH1kmOsdjnbrVbSs+Pn72k2oIV4Fiyu3Umg0sLznUEcsiXw=="],

    "@deepseek-ai/dsh-user-approval/@deepseek-ai/dsh-brand": ["@deepseek-ai/dsh-brand@0.1.2-rc.1", "", { "peerDependencies": { "@deepseek-ai/cordis": "^4.0.2" } }, "sha512-y2RHIag3kzLdY8kTBuSUSTsKzWPscJrysNObXTiNM7stXLpa3jXpshsB1caqGzNx50vYcmHeN1gFVECgx3NZHg=="],
  }
}
