{
  "lockfileVersion": 1,
  "configVersion": 1,
  "workspaces": {
    "": {
      "name": "memcurio",
      "dependencies": {
        "@deepseek-ai/schemastery": "^3.18.2",
      },
      "devDependencies": {
        "@biomejs/biome": "^2.5.7",
        "@deepseek-ai/cordis": "4.0.2",
        "@deepseek-ai/dsh-agent": "0.1.5-rc.1",
        "@deepseek-ai/dsh-api-remotes": "0.1.5-rc.1",
        "@deepseek-ai/dsh-client-locale": "0.1.5-rc.1",
        "@deepseek-ai/dsh-client-ui-primitives": "0.1.5-rc.1",
        "@deepseek-ai/dsh-client-ui-renderer": "0.1.5-rc.1",
        "@deepseek-ai/dsh-client-ui-settings": "0.1.5-rc.1",
        "@deepseek-ai/dsh-client-ui-slots": "0.1.5-rc.1",
        "@deepseek-ai/dsh-compaction": "0.1.5-rc.1",
        "@deepseek-ai/dsh-invariants": "0.1.5-rc.1",
        "@deepseek-ai/dsh-llm": "0.1.5-rc.1",
        "@deepseek-ai/dsh-session": "0.1.5-rc.1",
        "@deepseek-ai/dsh-settings": "0.1.5-rc.1",
        "@deepseek-ai/dsh-settings-file": "0.1.5-rc.1",
        "@deepseek-ai/dsh-system-prompt": "0.1.5-rc.1",
        "@deepseek-ai/dsh-tools": "0.1.5-rc.1",
        "@types/bun": "^1.3.14",
        "@types/node": "^24.0.0",
        "@types/react": "18.3.12",
        "@types/react-dom": "18.3.1",
        "esbuild": "0.25.0",
        "react": "18.3.1",
        "react-dom": "18.3.1",
        "typescript": "5.9.3",
      },
      "peerDependencies": {
        "@deepseek-ai/cordis": "^4.0.2",
        "@deepseek-ai/dsh-agent": "^0.1.5-rc.1",
        "@deepseek-ai/dsh-compaction": "^0.1.5-rc.1",
        "@deepseek-ai/dsh-llm": "^0.1.5-rc.1",
        "@deepseek-ai/dsh-session": "^0.1.5-rc.1",
        "@deepseek-ai/dsh-settings": "^0.1.5-rc.1",
        "@deepseek-ai/dsh-tools": "^0.1.5-rc.1",
      },
      "optionalPeers": [
        "@deepseek-ai/cordis",
        "@deepseek-ai/dsh-agent",
        "@deepseek-ai/dsh-compaction",
        "@deepseek-ai/dsh-llm",
        "@deepseek-ai/dsh-session",
        "@deepseek-ai/dsh-tools",
      ],
    },
  },
  "packages": {
    "@biomejs/biome": ["@biomejs/biome@2.5.12", "", { "optionalDependencies": { "@biomejs/cli-darwin-arm64": "2.5.12", "@biomejs/cli-darwin-x64": "2.5.12", "@biomejs/cli-linux-arm64": "2.5.12", "@biomejs/cli-linux-arm64-musl": "2.5.12", "@biomejs/cli-linux-x64": "2.5.12", "@biomejs/cli-linux-x64-musl": "2.5.12", "@biomejs/cli-win32-arm64": "2.5.12", "@biomejs/cli-win32-x64": "2.5.12" }, "bin": { "biome": "bin/biome" } }, "sha512-Lw4VHZRebrReBBnlHa12JQjnIBm3JJAA55PDB9LbBVBF0q4RYphm6KfmIjqtPhf61MxZ5Q9KoK8R8x+7per5Aw=="],

    "@biomejs/cli-darwin-arm64": ["@biomejs/cli-darwin-arm64@2.5.12", "", { "os": "darwin", "cpu": "arm64" }, "sha512-lCRY1rwgNeWNgTr4DI/u6ZwXTRwRLHAvbaio1YLLGS+4r1nhvB2ssyPqIpfUSmRveNfv0fn/N58C7CAdK2XVrg=="],

    "@biomejs/cli-darwin-x64": ["@biomejs/cli-darwin-x64@2.5.12", "", { "os": "darwin", "cpu": "x64" }, "sha512-vhPgwnh+6tN3ArdAXuET99xaNbFt7CG82Bqn+omHVLC5xdVx45JsYjGPmUIGNzjDek5XdNCP1HKksK7fn8+3bQ=="],

    "@biomejs/cli-linux-arm64": ["@biomejs/cli-linux-arm64@2.5.12", "", { "os": "linux", "cpu": "arm64" }, "sha512-2gp8aVwXYKdAtmBfRFCUuyDMcfN1ahHqUkGfLYrZlNRFmryMATLVvJgWKvyA8wu4Rwn5OSxM1UcUmOuOFNGeBQ=="],

    "@biomejs/cli-linux-arm64-musl": ["@biomejs/cli-linux-arm64-musl@2.5.12", "", { "os": "linux", "cpu": "arm64" }, "sha512-couHYjFLL5uuI8ne6zhT7KwEsXo5YP7ry/2xmEqah7qanu0YmfDi3mwJg47YXSuv/NpZj22CZzcRH/5c4gjPSQ=="],

    "@biomejs/cli-linux-x64": ["@biomejs/cli-linux-x64@2.5.12", "", { "os": "linux", "cpu": "x64" }, "sha512-SnvOs3TSTiuia4SQOUNe1aWC9RT4+YkjcKnOhL/nsKOV0k5ycgBkDzF0lUxKn1V7Q8CLTRq6iV23ZAivHomRoA=="],

    "@biomejs/cli-linux-x64-musl": ["@biomejs/cli-linux-x64-musl@2.5.12", "", { "os": "linux", "cpu": "x64" }, "sha512-8A0oDW58/w9f/PQNYuq0sGUZtGtGrkNF4Z6n0PUoXpLCshi85vtKTv1XSznQawhdE4MXJ8ufpzHXyLFe87M/+w=="],

    "@biomejs/cli-win32-arm64": ["@biomejs/cli-win32-arm64@2.5.12", "", { "os": "win32", "cpu": "arm64" }, "sha512-b9vtoZFsuZt1pdjNwJvXl0f+BpayRzV008uS2+JpmwIKdSE2qdu4A/l04FESwLoou5g2E/Qlec0xwJydZplH+A=="],

    "@biomejs/cli-win32-x64": ["@biomejs/cli-win32-x64@2.5.12", "", { "os": "win32", "cpu": "x64" }, "sha512-B1R/l+CwEpKFSuqiwePzPNRk1EiJN8kc0UhdafNz6MZN9v5OFP9HYP1irptvWzHrwVI4blVNGMbxc5zt70m3IA=="],

    "@deepseek-ai/cordis": ["@deepseek-ai/cordis@4.0.2", "", { "dependencies": { "@deepseek-ai/cosmokit": "^1.8.3", "@standard-schema/spec": "^1.1.0" }, "peerDependencies": { "@deepseek-ai/cordis-plugin-include": "^1.0.7", "@deepseek-ai/cordis-plugin-loader": "^1.0.3" }, "optionalPeers": ["@deepseek-ai/cordis-plugin-include", "@deepseek-ai/cordis-plugin-loader"], "bin": { "cordis": "bin.js" } }, "sha512-asOnXP1TzFSFQlHb1iegDZp0z/8WD1c7YNrwJR/Tx2bzNuMXfcekE/I67Iv6SQXeLB4csxqCngzQKANP7gdw0g=="],

    "@deepseek-ai/cosmokit": ["@deepseek-ai/cosmokit@1.8.3", "", {}, "sha512-qBo+ronVM6Eu2WNVJXi8JcMiqZ19T9BRIpV+5qJUFPXjGH/Z0QKcQMC/IZJ7L394YTOtJgcovbk9qP0w2GsBXQ=="],

    "@deepseek-ai/dsh-agent": ["@deepseek-ai/dsh-agent@0.1.5-rc.1", "", { "peerDependencies": { "@deepseek-ai/cordis": "^4.0.2", "@deepseek-ai/dsh-invariants": "^0.1.5-rc.1", "@deepseek-ai/dsh-llm": "^0.1.5-rc.1", "@deepseek-ai/dsh-scope": "^0.1.5-rc.1", "@deepseek-ai/dsh-session": "^0.1.5-rc.1", "@deepseek-ai/dsh-session-projection": "^0.1.5-rc.1", "@deepseek-ai/dsh-system-prompt": "^0.1.5-rc.1", "@deepseek-ai/dsh-typert-protocol": "^0.1.5-rc.1", "@deepseek-ai/dsh-util-values": "^0.1.5-rc.1" } }, "sha512-obIPyTSjq1y0Yhasm3mLhK5BW6Ge0VQoRT8FBt0ooLsct2+pFAjgyd7GP3KzFaz7zaEhQJ/NNEmCaU0KOsYutg=="],

    "@deepseek-ai/dsh-api-remotes": ["@deepseek-ai/dsh-api-remotes@0.1.5-rc.1", "", { "dependencies": { "@deepseek-ai/dsh-deque": "^0.1.5-rc.1", "@deepseek-ai/dsh-session": "^0.1.5-rc.1", "@deepseek-ai/dsh-util-values": "^0.1.5-rc.1" }, "peerDependencies": { "@deepseek-ai/cordis": "^4.0.2", "@deepseek-ai/dsh-scope": "^0.1.5-rc.1" } }, "sha512-sFoGZ3jJbrKLxbxSoyUpxhbRhgrxtxutfOcTJWacCTTfJQWvyJiJtbt4aK/997Uqgv19CklIBVkDBfqMDZA4RA=="],

    "@deepseek-ai/dsh-atomic-write": ["@deepseek-ai/dsh-atomic-write@0.1.5-rc.2", "", { "peerDependencies": { "@deepseek-ai/cordis": "^4.0.2" } }, "sha512-9bCOLkug83IGuoEBPHUxgfJ/IxsHg/UigGi8Oj0agibcGVq2WdL/fbU8KA3KU5H49KDOxq2/AA3XUI3RiAEtYA=="],

    "@deepseek-ai/dsh-attachment": ["@deepseek-ai/dsh-attachment@0.1.2-rc.1", "", { "peerDependencies": { "@deepseek-ai/cordis": "^4.0.2", "@deepseek-ai/dsh-brand": "^0.1.2-rc.1" } }, "sha512-QISKUjEITusLvAkqPLRn70xDUt+GjjY41pISjtPKYcZ4EGmayzhgZ3VJNYEcC+rbaF44hs2o/0VhOwHA7lyxjw=="],

    "@deepseek-ai/dsh-brand": ["@deepseek-ai/dsh-brand@0.1.5-rc.2", "", { "peerDependencies": { "@deepseek-ai/cordis": "^4.0.2" } }, "sha512-/+3TzQRYT4M8NINZ9OrsL5VWNyQSXof8mFLx3txiosWA7Bt0H6UcxUdKGXVwj6gCXhsQ74mzEHm2ucsflG0mYA=="],

    "@deepseek-ai/dsh-client-locale": ["@deepseek-ai/dsh-client-locale@0.1.5-rc.1", "", { "dependencies": { "@deepseek-ai/schemastery": "^3.18.2" }, "peerDependencies": { "@deepseek-ai/cordis": "^4.0.2" } }, "sha512-DNzkyudBnGEPPaqRTsBnrr8nast/ZOPSAO21pS1MldK277Wj7Po4bCURKg1cS9QT30Fs4NMeJdIvyV/xNWoMSw=="],

    "@deepseek-ai/dsh-client-ui-primitives": ["@deepseek-ai/dsh-client-ui-primitives@0.1.5-rc.1", "", { "peerDependencies": { "@deepseek-ai/cordis": "^4.0.2" } }, "sha512-C6mJOcwg41gD5Yy57QGjZhX/8p8U1kSR4px7tOfLmLIKKXyeHbDytJEKjPKHfh8TkOvpqQ4wA02gQsVe06ithQ=="],

    "@deepseek-ai/dsh-client-ui-renderer": ["@deepseek-ai/dsh-client-ui-renderer@0.1.5-rc.1", "", { "peerDependencies": { "@deepseek-ai/cordis": "^4.0.2" } }, "sha512-v3NlhGgcYDUtskwjylVuKJ+FMiuJgYdWg/bIjth+obj7cF2SBJR4A0/9XfCKQvh2xbF/puRLZ7DG3KRl8+BKBQ=="],

    "@deepseek-ai/dsh-client-ui-settings": ["@deepseek-ai/dsh-client-ui-settings@0.1.5-rc.1", "", { "peerDependencies": { "@deepseek-ai/cordis": "^4.0.2" } }, "sha512-5O+HJrGuyJL0rNf7ulLI7CbdVozYfKDrAYKXoykAzZZ11EgSEaOrNfRobBhUKMsmXyfbKec7qce9rtG+HOgiuA=="],

    "@deepseek-ai/dsh-client-ui-slots": ["@deepseek-ai/dsh-client-ui-slots@0.1.5-rc.1", "", { "peerDependencies": { "@deepseek-ai/cordis": "^4.0.2" } }, "sha512-xBCdGmV1RdCwWFHCW5m6Y3FVAIHNRR6ppFNeZN4iRpn/osCvnYCF7L+MyjeWExyjC71Xl/Rh06Kj8/1gtbb/wg=="],

    "@deepseek-ai/dsh-code-runtime": ["@deepseek-ai/dsh-code-runtime@0.1.2-rc.1", "", { "peerDependencies": { "@deepseek-ai/cordis": "^4.0.2" } }, "sha512-dv5UszPJb/AFcarZc2c6h5z/X80bsrSd3bfIOugwNVclSI6P+L3ixseoZKgyks7T0Ap0h6ngXGk2WeoUkmYxnQ=="],

    "@deepseek-ai/dsh-commands": ["@deepseek-ai/dsh-commands@0.1.2-rc.1", "", { "dependencies": { "@deepseek-ai/dsh-util-crypto": "^0.1.2-rc.1", "zod": "^4.4.3" }, "peerDependencies": { "@deepseek-ai/cordis": "^4.0.2", "@deepseek-ai/dsh-agent": "^0.1.2-rc.1", "@deepseek-ai/dsh-attachment": "^0.1.2-rc.1", "@deepseek-ai/dsh-brand": "^0.1.2-rc.1", "@deepseek-ai/dsh-invariants": "^0.1.2-rc.1", "@deepseek-ai/dsh-llm": "^0.1.2-rc.1", "@deepseek-ai/dsh-scope": "^0.1.2-rc.1", "@deepseek-ai/dsh-session": "^0.1.2-rc.1", "@deepseek-ai/dsh-typert-protocol": "^0.1.2-rc.1" } }, "sha512-uBh4JTX7pOkFhmbWjXjVLnOQOawyccC7+DazbHrLRN6/wy4OgTRH+DaW0+ibLq+XRAO19OvBTtuoh3x/KkJx1Q=="],

    "@deepseek-ai/dsh-compaction": ["@deepseek-ai/dsh-compaction@0.1.5-rc.1", "", { "peerDependencies": { "@deepseek-ai/cordis": "^4.0.2", "@deepseek-ai/dsh-brand": "^0.1.5-rc.1", "@deepseek-ai/dsh-commands": "^0.1.5-rc.1", "@deepseek-ai/dsh-invariants": "^0.1.5-rc.1", "@deepseek-ai/dsh-llm": "^0.1.5-rc.1", "@deepseek-ai/dsh-session": "^0.1.5-rc.1" } }, "sha512-DF1BcWNwA997vrR94yfxVxSvXCVejgv8/ytxNkxvliKK79wFr6DMPAdv9ludapE5PXVO62PLgjV4CE2lxW53fA=="],

    "@deepseek-ai/dsh-deque": ["@deepseek-ai/dsh-deque@0.1.5-rc.2", "", { "peerDependencies": { "@deepseek-ai/cordis": "^4.0.2" } }, "sha512-j1dINwK5XU8f+GPdzx22o2GvsAEhCvnLxqZfEqaLGYImbvdLkToVuU7M2nVcNSU+B7v+kl39lWf3E5u6tzG8RQ=="],

    "@deepseek-ai/dsh-home-paths": ["@deepseek-ai/dsh-home-paths@0.1.5-rc.2", "", { "peerDependencies": { "@deepseek-ai/cordis": "^4.0.2" } }, "sha512-Ek+DH9+MTiulfWDMKo5r335k4I9XIItk+jq8YaPihpK3klSeiKLW/SpKJhFodRnW1CwEyjIlt2XriycRvceIiw=="],

    "@deepseek-ai/dsh-invariants": ["@deepseek-ai/dsh-invariants@0.1.5-rc.1", "", { "dependencies": { "@deepseek-ai/schemastery": "^3.18.2" }, "peerDependencies": { "@deepseek-ai/cordis": "^4.0.2" } }, "sha512-iXhJJ3r34NHFEWiuc5pxXlU19hPfNclvH9Ll0X7CzQ39Oh/4UlfO3DBlLpBU7T9fE/y7/UkuI1aRt+dNeiVQsQ=="],

    "@deepseek-ai/dsh-llm": ["@deepseek-ai/dsh-llm@0.1.5-rc.1", "", { "dependencies": { "@deepseek-ai/dsh-brand": "^0.1.5-rc.1", "@deepseek-ai/dsh-timeout": "^0.1.5-rc.1", "@deepseek-ai/dsh-typert-protocol": "^0.1.5-rc.1", "@deepseek-ai/dsh-util-crypto": "^0.1.5-rc.1", "@deepseek-ai/dsh-util-values": "^0.1.5-rc.1", "@deepseek-ai/schemastery": "^3.18.2", "zod": "^4.4.3" }, "peerDependencies": { "@deepseek-ai/cordis": "^4.0.2" } }, "sha512-KPKJFTNLjURphuF4NlS8DRK94CUYL/dKB8Hzg/22jtxAFO2paX3ifL0vhdPq9xPbcyplaF7LYlf0+3+pXFTnTg=="],

    "@deepseek-ai/dsh-scope": ["@deepseek-ai/dsh-scope@0.1.2-rc.1", "", { "peerDependencies": { "@deepseek-ai/cordis": "^4.0.2", "@deepseek-ai/dsh-invariants": "^0.1.2-rc.1" } }, "sha512-GHwbzWrGbmE0ZGzAZsXBudpyCM9ENCpXxlKODIaPFbIWhRePh6nH2jW47TAOqCIsPPedWC2p3w8Tx5WAa3I/2A=="],

    "@deepseek-ai/dsh-session": ["@deepseek-ai/dsh-session@0.1.5-rc.1", "", { "dependencies": { "@deepseek-ai/dsh-brand": "^0.1.5-rc.1", "@deepseek-ai/dsh-llm": "^0.1.5-rc.1", "@deepseek-ai/dsh-util-values": "^0.1.5-rc.1" }, "peerDependencies": { "@deepseek-ai/cordis": "^4.0.2", "@deepseek-ai/dsh-scope": "^0.1.5-rc.1" } }, "sha512-0YBBrzkCbVEJolS/OpD0DZMSozmYxUTZopiG76MXInjOFBW9J4ca1a8WUjJjqelP1nJTmWGKXp92HcvNEny0Dg=="],

    "@deepseek-ai/dsh-session-projection": ["@deepseek-ai/dsh-session-projection@0.1.2-rc.1", "", { "dependencies": { "zod": "^4.4.3" }, "peerDependencies": { "@deepseek-ai/cordis": "^4.0.2", "@deepseek-ai/dsh-session": "^0.1.2-rc.1" } }, "sha512-qVWlIzPm4u9vzQ5G/QtE6jeSJ3b3b42hWVJj664BurEZlHbAfdqkhYc1QsoBU+5k5kUEJFHh07z8HxuXA9kTnQ=="],

    "@deepseek-ai/dsh-settings": ["@deepseek-ai/dsh-settings@0.1.5-rc.1", "", { "dependencies": { "@deepseek-ai/dsh-util-values": "^0.1.5-rc.1" }, "peerDependencies": { "@deepseek-ai/cordis": "^4.0.2", "@deepseek-ai/dsh-brand": "^0.1.5-rc.1", "@deepseek-ai/dsh-invariants": "^0.1.5-rc.1", "@deepseek-ai/dsh-session": "^0.1.5-rc.1", "@deepseek-ai/schemastery": "^3.18.2" } }, "sha512-9t6JlHwnMu7qTHpMVVRLyzfi7yWKlDozmh7Xbjjd5mmzY+dSdKTPsoRGSdGgTLvBMQBi0X2O8Kj2moDp30XKGg=="],

    "@deepseek-ai/dsh-settings-file": ["@deepseek-ai/dsh-settings-file@0.1.5-rc.1", "", { "dependencies": { "@deepseek-ai/dsh-util-values": "^0.1.5-rc.1", "@deepseek-ai/schemastery": "^3.18.2", "chokidar": "^4.0.3", "yaml": "^2.9.0" }, "peerDependencies": { "@deepseek-ai/cordis": "^4.0.2", "@deepseek-ai/dsh-atomic-write": "^0.1.5-rc.1", "@deepseek-ai/dsh-home-paths": "^0.1.5-rc.1", "@deepseek-ai/dsh-settings": "^0.1.5-rc.1" } }, "sha512-y/9cLMidbEq53N4IFYVUgnim9Zfk0UYVTAPkzegOlHCyLQY2mK86u+GU4fXw1mMoO7JH5JjS6SiBTA8ZX4h0DQ=="],

    "@deepseek-ai/dsh-system-prompt": ["@deepseek-ai/dsh-system-prompt@0.1.5-rc.1", "", { "dependencies": { "@deepseek-ai/schemastery": "^3.18.2" }, "peerDependencies": { "@deepseek-ai/cordis": "^4.0.2", "@deepseek-ai/dsh-invariants": "^0.1.5-rc.1", "@deepseek-ai/dsh-llm": "^0.1.5-rc.1", "@deepseek-ai/dsh-scope": "^0.1.5-rc.1" } }, "sha512-RAdO9biQoga1vAVTQY9J7THexiOE1FOd1Nli021MQt+Zf73c83BSd2DwXb0WDilLaMeSxZPaIRRqoXpJlpmLIA=="],

    "@deepseek-ai/dsh-timeout": ["@deepseek-ai/dsh-timeout@0.1.5-rc.2", "", { "peerDependencies": { "@deepseek-ai/cordis": "^4.0.2" } }, "sha512-FgfaAw8Zt5X4Y6Ljh833B8Hy7h96FeR+yjNKI3iSyZSqREqOBgvDGXFfQlSu6V3Buvw/cbI/CJUQJvfRBKXOiA=="],

    "@deepseek-ai/dsh-tools": ["@deepseek-ai/dsh-tools@0.1.5-rc.1", "", { "dependencies": { "@deepseek-ai/dsh-brand": "^0.1.5-rc.1", "@deepseek-ai/dsh-util-values": "^0.1.5-rc.1", "@deepseek-ai/schemastery": "^3.18.2" }, "peerDependencies": { "@deepseek-ai/cordis": "^4.0.2", "@deepseek-ai/dsh-agent": "^0.1.5-rc.1", "@deepseek-ai/dsh-code-runtime": "^0.1.5-rc.1", "@deepseek-ai/dsh-invariants": "^0.1.5-rc.1", "@deepseek-ai/dsh-llm": "^0.1.5-rc.1", "@deepseek-ai/dsh-scope": "^0.1.5-rc.1", "@deepseek-ai/dsh-session": "^0.1.5-rc.1", "@deepseek-ai/dsh-system-prompt": "^0.1.5-rc.1", "@deepseek-ai/dsh-user-approval": "^0.1.5-rc.1" } }, "sha512-I5AUxKTqUrC0nvRO4UcpU+f65P+nKs5BUrS2nqZehhFZ2rVxhUAJ7YdORcY6pVkBTB15nPr5gK0WPgwyfS217w=="],

    "@deepseek-ai/dsh-typert-protocol": ["@deepseek-ai/dsh-typert-protocol@0.1.5-rc.2", "", { "peerDependencies": { "@deepseek-ai/cordis": "^4.0.2" } }, "sha512-zP8J20rBXa1AFjKL2i83JBeQcePZx8yal3pNojj4t7CCokMcoFMUbr50woa6fY1tRJ7qHxgypO3rH8Q6YWgmiA=="],

    "@deepseek-ai/dsh-user-approval": ["@deepseek-ai/dsh-user-approval@0.1.2-rc.1", "", { "dependencies": { "@deepseek-ai/schemastery": "^3.18.2" }, "peerDependencies": { "@deepseek-ai/cordis": "^4.0.2", "@deepseek-ai/dsh-agent": "^0.1.2-rc.1", "@deepseek-ai/dsh-brand": "^0.1.2-rc.1", "@deepseek-ai/dsh-invariants": "^0.1.2-rc.1", "@deepseek-ai/dsh-llm": "^0.1.2-rc.1", "@deepseek-ai/dsh-scope": "^0.1.2-rc.1", "@deepseek-ai/dsh-session": "^0.1.2-rc.1", "@deepseek-ai/dsh-system-prompt": "^0.1.2-rc.1" } }, "sha512-oYkLE4a/TwqVNi299pUf/QP1Yku6KScdUCTUyYbjaRBcN+/pXPpHikl2aoE2thH9D0uT/Kj6T2kz+wDDcFd9Xg=="],

    "@deepseek-ai/dsh-util-crypto": ["@deepseek-ai/dsh-util-crypto@0.1.5-rc.2", "", { "peerDependencies": { "@deepseek-ai/cordis": "^4.0.2" } }, "sha512-JR0aJEUL35RE8FVT89wMZMbPwMrbkjNcy+gE9pq70d/m2Zxw3a0iNer+BAxPAKYPbmy0xDDXReTwXiecKVy4sQ=="],

    "@deepseek-ai/dsh-util-values": ["@deepseek-ai/dsh-util-values@0.1.5-rc.2", "", { "peerDependencies": { "@deepseek-ai/cordis": "^4.0.2" } }, "sha512-Cr0TkM6dFAD+Iy4sNXH/afJVMHwJXoOztivj+RflkYoACsOq+Ix0vdHn36hwW7mayU8OK3ZKIZUQ6BPo1fHvUg=="],

    "@deepseek-ai/schemastery": ["@deepseek-ai/schemastery@3.18.2", "", { "dependencies": { "@deepseek-ai/cosmokit": "^1.8.3", "@standard-schema/spec": "^1.1.0" } }, "sha512-njDtZsznjYxok7KLLlHOPyuv2efdWVbSflAHgztSfbMsg+CVraEoRe2DjOCgClYv3ZCSm7WXoaUkbB/+RY7tWQ=="],

    "@esbuild/aix-ppc64": ["@esbuild/aix-ppc64@0.25.0", "", { "os": "aix", "cpu": "ppc64" }, "sha512-O7vun9Sf8DFjH2UtqK8Ku3LkquL9SZL8OLY1T5NZkA34+wG3OQF7cl4Ql8vdNzM6fzBbYfLaiRLIOZ+2FOCgBQ=="],

    "@esbuild/android-arm": ["@esbuild/android-arm@0.25.0", "", { "os": "android", "cpu": "arm" }, "sha512-PTyWCYYiU0+1eJKmw21lWtC+d08JDZPQ5g+kFyxP0V+es6VPPSUhM6zk8iImp2jbV6GwjX4pap0JFbUQN65X1g=="],

    "@esbuild/android-arm64": ["@esbuild/android-arm64@0.25.0", "", { "os": "android", "cpu": "arm64" }, "sha512-grvv8WncGjDSyUBjN9yHXNt+cq0snxXbDxy5pJtzMKGmmpPxeAmAhWxXI+01lU5rwZomDgD3kJwulEnhTRUd6g=="],

    "@esbuild/android-x64": ["@esbuild/android-x64@0.25.0", "", { "os": "android", "cpu": "x64" }, "sha512-m/ix7SfKG5buCnxasr52+LI78SQ+wgdENi9CqyCXwjVR2X4Jkz+BpC3le3AoBPYTC9NHklwngVXvbJ9/Akhrfg=="],

    "@esbuild/darwin-arm64": ["@esbuild/darwin-arm64@0.25.0", "", { "os": "darwin", "cpu": "arm64" }, "sha512-mVwdUb5SRkPayVadIOI78K7aAnPamoeFR2bT5nszFUZ9P8UpK4ratOdYbZZXYSqPKMHfS1wdHCJk1P1EZpRdvw=="],

    "@esbuild/darwin-x64": ["@esbuild/darwin-x64@0.25.0", "", { "os": "darwin", "cpu": "x64" }, "sha512-DgDaYsPWFTS4S3nWpFcMn/33ZZwAAeAFKNHNa1QN0rI4pUjgqf0f7ONmXf6d22tqTY+H9FNdgeaAa+YIFUn2Rg=="],

    "@esbuild/freebsd-arm64": ["@esbuild/freebsd-arm64@0.25.0", "", { "os": "freebsd", "cpu": "arm64" }, "sha512-VN4ocxy6dxefN1MepBx/iD1dH5K8qNtNe227I0mnTRjry8tj5MRk4zprLEdG8WPyAPb93/e4pSgi1SoHdgOa4w=="],

    "@esbuild/freebsd-x64": ["@esbuild/freebsd-x64@0.25.0", "", { "os": "freebsd", "cpu": "x64" }, "sha512-mrSgt7lCh07FY+hDD1TxiTyIHyttn6vnjesnPoVDNmDfOmggTLXRv8Id5fNZey1gl/V2dyVK1VXXqVsQIiAk+A=="],

    "@esbuild/linux-arm": ["@esbuild/linux-arm@0.25.0", "", { "os": "linux", "cpu": "arm" }, "sha512-vkB3IYj2IDo3g9xX7HqhPYxVkNQe8qTK55fraQyTzTX/fxaDtXiEnavv9geOsonh2Fd2RMB+i5cbhu2zMNWJwg=="],

    "@esbuild/linux-arm64": ["@esbuild/linux-arm64@0.25.0", "", { "os": "linux", "cpu": "arm64" }, "sha512-9QAQjTWNDM/Vk2bgBl17yWuZxZNQIF0OUUuPZRKoDtqF2k4EtYbpyiG5/Dk7nqeK6kIJWPYldkOcBqjXjrUlmg=="],

    "@esbuild/linux-ia32": ["@esbuild/linux-ia32@0.25.0", "", { "os": "linux", "cpu": "ia32" }, "sha512-43ET5bHbphBegyeqLb7I1eYn2P/JYGNmzzdidq/w0T8E2SsYL1U6un2NFROFRg1JZLTzdCoRomg8Rvf9M6W6Gg=="],

    "@esbuild/linux-loong64": ["@esbuild/linux-loong64@0.25.0", "", { "os": "linux", "cpu": "none" }, "sha512-fC95c/xyNFueMhClxJmeRIj2yrSMdDfmqJnyOY4ZqsALkDrrKJfIg5NTMSzVBr5YW1jf+l7/cndBfP3MSDpoHw=="],

    "@esbuild/linux-mips64el": ["@esbuild/linux-mips64el@0.25.0", "", { "os": "linux", "cpu": "none" }, "sha512-nkAMFju7KDW73T1DdH7glcyIptm95a7Le8irTQNO/qtkoyypZAnjchQgooFUDQhNAy4iu08N79W4T4pMBwhPwQ=="],

    "@esbuild/linux-ppc64": ["@esbuild/linux-ppc64@0.25.0", "", { "os": "linux", "cpu": "ppc64" }, "sha512-NhyOejdhRGS8Iwv+KKR2zTq2PpysF9XqY+Zk77vQHqNbo/PwZCzB5/h7VGuREZm1fixhs4Q/qWRSi5zmAiO4Fw=="],

    "@esbuild/linux-riscv64": ["@esbuild/linux-riscv64@0.25.0", "", { "os": "linux", "cpu": "none" }, "sha512-5S/rbP5OY+GHLC5qXp1y/Mx//e92L1YDqkiBbO9TQOvuFXM+iDqUNG5XopAnXoRH3FjIUDkeGcY1cgNvnXp/kA=="],

    "@esbuild/linux-s390x": ["@esbuild/linux-s390x@0.25.0", "", { "os": "linux", "cpu": "s390x" }, "sha512-XM2BFsEBz0Fw37V0zU4CXfcfuACMrppsMFKdYY2WuTS3yi8O1nFOhil/xhKTmE1nPmVyvQJjJivgDT+xh8pXJA=="],

    "@esbuild/linux-x64": ["@esbuild/linux-x64@0.25.0", "", { "os": "linux", "cpu": "x64" }, "sha512-9yl91rHw/cpwMCNytUDxwj2XjFpxML0y9HAOH9pNVQDpQrBxHy01Dx+vaMu0N1CKa/RzBD2hB4u//nfc+Sd3Cw=="],

    "@esbuild/netbsd-arm64": ["@esbuild/netbsd-arm64@0.25.0", "", { "os": "none", "cpu": "arm64" }, "sha512-RuG4PSMPFfrkH6UwCAqBzauBWTygTvb1nxWasEJooGSJ/NwRw7b2HOwyRTQIU97Hq37l3npXoZGYMy3b3xYvPw=="],

    "@esbuild/netbsd-x64": ["@esbuild/netbsd-x64@0.25.0", "", { "os": "none", "cpu": "x64" }, "sha512-jl+qisSB5jk01N5f7sPCsBENCOlPiS/xptD5yxOx2oqQfyourJwIKLRA2yqWdifj3owQZCL2sn6o08dBzZGQzA=="],

    "@esbuild/openbsd-arm64": ["@esbuild/openbsd-arm64@0.25.0", "", { "os": "openbsd", "cpu": "arm64" }, "sha512-21sUNbq2r84YE+SJDfaQRvdgznTD8Xc0oc3p3iW/a1EVWeNj/SdUCbm5U0itZPQYRuRTW20fPMWMpcrciH2EJw=="],

    "@esbuild/openbsd-x64": ["@esbuild/openbsd-x64@0.25.0", "", { "os": "openbsd", "cpu": "x64" }, "sha512-2gwwriSMPcCFRlPlKx3zLQhfN/2WjJ2NSlg5TKLQOJdV0mSxIcYNTMhk3H3ulL/cak+Xj0lY1Ym9ysDV1igceg=="],

    "@esbuild/sunos-x64": ["@esbuild/sunos-x64@0.25.0", "", { "os": "sunos", "cpu": "x64" }, "sha512-bxI7ThgLzPrPz484/S9jLlvUAHYMzy6I0XiU1ZMeAEOBcS0VePBFxh1JjTQt3Xiat5b6Oh4x7UC7IwKQKIJRIg=="],

    "@esbuild/win32-arm64": ["@esbuild/win32-arm64@0.25.0", "", { "os": "win32", "cpu": "arm64" }, "sha512-ZUAc2YK6JW89xTbXvftxdnYy3m4iHIkDtK3CLce8wg8M2L+YZhIvO1DKpxrd0Yr59AeNNkTiic9YLf6FTtXWMw=="],

    "@esbuild/win32-ia32": ["@esbuild/win32-ia32@0.25.0", "", { "os": "win32", "cpu": "ia32" }, "sha512-eSNxISBu8XweVEWG31/JzjkIGbGIJN/TrRoiSVZwZ6pkC6VX4Im/WV2cz559/TXLcYbcrDN8JtKgd9DJVIo8GA=="],

    "@esbuild/win32-x64": ["@esbuild/win32-x64@0.25.0", "", { "os": "win32", "cpu": "x64" }, "sha512-ZENoHJBxA20C2zFzh6AI4fT6RraMzjYw4xKWemRTRmRVtN9c5DcH9r/f2ihEkMjOW5eGgrwCslG/+Y/3bL+DHQ=="],

    "@standard-schema/spec": ["@standard-schema/spec@1.1.0", "", {}, "sha512-l2aFy5jALhniG5HgqrD6jXLi/rUWrKvqN/qJx6yoJsgKhblVd+iqqU4RCXavm/jPityDo5TCvKMnpjKnOriy0w=="],

    "@types/bun": ["@types/bun@1.4.0", "", { "dependencies": { "bun-types": "1.4.0" } }, "sha512-K+lZULY23vRgK/CfTjFIV+tyifaNdSMlPh9j+6mQ/cLfpOznLyAuzgV/JQysyECpkBQLVMSyvjlr2fBUSA9wFQ=="],

    "@types/node": ["@types/node@24.13.3", "", { "dependencies": { "undici-types": "~7.18.0" } }, "sha512-Dh8vAsV36ig5wa9OX4pXvMc9D3Veibfw2wix0CUwYODLD8nkj9UsLjASr49nPg+2eKzxhBV+v7L8pXvT4e639Q=="],

    "@types/prop-types": ["@types/prop-types@15.7.15", "", {}, "sha512-F6bEyamV9jKGAFBEmlQnesRPGOQqS2+Uwi0Em15xenOxHaf2hv6L8YCVn3rPdPJOiJfPiCnLIRyvwVaqMY3MIw=="],

    "@types/react": ["@types/react@18.3.12", "", { "dependencies": { "@types/prop-types": "*", "csstype": "^3.0.2" } }, "sha512-D2wOSq/d6Agt28q7rSI3jhU7G6aiuzljDGZ2hTZHIkrTLUI+AF3WMeKkEZ9nN2fkBAlcktT6vcZjDFiIhMYEQw=="],

    "@types/react-dom": ["@types/react-dom@18.3.1", "", { "dependencies": { "@types/react": "*" } }, "sha512-qW1Mfv8taImTthu4KoXgDfLuk4bydU6Q/TkADnDWWHwi4NX4BR+LWfTp2sVmTqRrsHvyDDTelgelxJ+SsejKKQ=="],

    "bun-types": ["bun-types@1.4.0", "", { "dependencies": { "@types/node": "*" } }, "sha512-iIKw23BspnQQYd3prITOBxeUsxBHnwzX6YJfGMuNOZzeNcMmVqzIIVGRm1l69ogaPQmb4wB6BN8mA5bE9YuC5Q=="],

    "chokidar": ["chokidar@4.0.3", "", { "dependencies": { "readdirp": "^4.0.1" } }, "sha512-Qgzu8kfBvo+cA4962jnP1KkS6Dop5NS6g7R5LFYJr4b8Ub94PPQXUksCw9PvXoeXPRRddRNC5C1JQUR2SMGtnA=="],

    "csstype": ["csstype@3.2.3", "", {}, "sha512-z1HGKcYy2xA8AGQfwrn0PAy+PB7X/GSj3UVJW9qKyn43xWa+gl5nXmU4qqLMRzWVLFC8KusUX8T/0kCiOYpAIQ=="],

    "esbuild": ["esbuild@0.25.0", "", { "optionalDependencies": { "@esbuild/aix-ppc64": "0.25.0", "@esbuild/android-arm": "0.25.0", "@esbuild/android-arm64": "0.25.0", "@esbuild/android-x64": "0.25.0", "@esbuild/darwin-arm64": "0.25.0", "@esbuild/darwin-x64": "0.25.0", "@esbuild/freebsd-arm64": "0.25.0", "@esbuild/freebsd-x64": "0.25.0", "@esbuild/linux-arm": "0.25.0", "@esbuild/linux-arm64": "0.25.0", "@esbuild/linux-ia32": "0.25.0", "@esbuild/linux-loong64": "0.25.0", "@esbuild/linux-mips64el": "0.25.0", "@esbuild/linux-ppc64": "0.25.0", "@esbuild/linux-riscv64": "0.25.0", "@esbuild/linux-s390x": "0.25.0", "@esbuild/linux-x64": "0.25.0", "@esbuild/netbsd-arm64": "0.25.0", "@esbuild/netbsd-x64": "0.25.0", "@esbuild/openbsd-arm64": "0.25.0", "@esbuild/openbsd-x64": "0.25.0", "@esbuild/sunos-x64": "0.25.0", "@esbuild/win32-arm64": "0.25.0", "@esbuild/win32-ia32": "0.25.0", "@esbuild/win32-x64": "0.25.0" }, "bin": { "esbuild": "bin/esbuild" } }, "sha512-BXq5mqc8ltbaN34cDqWuYKyNhX8D/Z0J1xdtdQ8UcIIIyJyz+ZMKUt58tF3SrZ85jcfN/PZYhjR5uDQAYNVbuw=="],

    "js-tokens": ["js-tokens@4.0.0", "", {}, "sha512-RdJUflcE3cUzKiMqQgsCu06FPu9UdIJO0beYbPhHN4k6apgJtifcoCtT9bcxOpYBtpD2kCM6Sbzg4CausW/PKQ=="],

    "loose-envify": ["loose-envify@1.4.0", "", { "dependencies": { "js-tokens": "^3.0.0 || ^4.0.0" }, "bin": { "loose-envify": "cli.js" } }, "sha512-lyuxPGr/Wfhrlem2CL/UcnUc1zcqKAImBDzukY7Y5F/yQiNdko6+fRLevlw1HgMySw7f611UIY408EtxRSoK3Q=="],

    "react": ["react@18.3.1", "", { "dependencies": { "loose-envify": "^1.1.0" } }, "sha512-wS+hAgJShR0KhEvPJArfuPVN1+Hz1t0Y6n5jLrGQbkb4urgPE/0Rve+1kMB1v/oWgHgm4WIcV+i7F2pTVj+2iQ=="],

    "react-dom": ["react-dom@18.3.1", "", { "dependencies": { "loose-envify": "^1.1.0", "scheduler": "^0.23.2" }, "peerDependencies": { "react": "^18.3.1" } }, "sha512-5m4nQKp+rZRb09LNH59GM4BxTh9251/ylbKIbpe7TpGxfJ+9kv6BLkLBXIjjspbgbnIBNqlI23tRnTWT0snUIw=="],

    "readdirp": ["readdirp@4.1.2", "", {}, "sha512-GDhwkLfywWL2s6vEjyhri+eXmfH6j1L7JE27WhqLeYzoh/A3DBaYGEj2H/HFZCn/kMfim73FXxEJTw06WtxQwg=="],

    "scheduler": ["scheduler@0.23.2", "", { "dependencies": { "loose-envify": "^1.1.0" } }, "sha512-UOShsPwz7NrMUqhR6t0hWjFduvOzbtv7toDH1/hIrfRNIDBnnBWd0CwJTGvTpngVlmwGCdP9/Zl/tVrDqcuYzQ=="],

    "typescript": ["typescript@5.9.3", "", { "bin": { "tsc": "bin/tsc", "tsserver": "bin/tsserver" } }, "sha512-jl1vZzPDinLr9eUt3J/t7V6FgNEw9QjvBPdysz9KfQDD41fQrC2Y4vKQdiaUpFT4bXlb1RHhLpp8wtm6M5TgSw=="],

    "undici-types": ["undici-types@7.18.2", "", {}, "sha512-AsuCzffGHJybSaRrmr5eHr81mwJU3kjw6M+uprWvCXiNeN9SOGwQ3Jn8jb8m3Z6izVgknn1R0FTCEAP2QrLY/w=="],

    "yaml": ["yaml@2.9.0", "", { "bin": { "yaml": "bin.mjs" } }, "sha512-2AvhNX3mb8zd6Zy7INTtSpl1F15HW6Wnqj0srWlkKLcpYl/gMIMJiyuGq2KeI2YFxUPjdlB+3Lc10seMLtL4cA=="],

    "zod": ["zod@4.4.3", "", {}, "sha512-ytENFjIJFl2UwYglde2jchW2Hwm4GJFLDiSXWdTrJQBIN9Fcyp7n4DhxJEiWNAJMV1/BqWfW/kkg71UDcHJyTQ=="],

    "@deepseek-ai/dsh-attachment/@deepseek-ai/dsh-brand": ["@deepseek-ai/dsh-brand@0.1.2-rc.1", "", { "peerDependencies": { "@deepseek-ai/cordis": "^4.0.2" } }, "sha512-y2RHIag3kzLdY8kTBuSUSTsKzWPscJrysNObXTiNM7stXLpa3jXpshsB1caqGzNx50vYcmHeN1gFVECgx3NZHg=="],

    "@deepseek-ai/dsh-commands/@deepseek-ai/dsh-brand": ["@deepseek-ai/dsh-brand@0.1.2-rc.1", "", { "peerDependencies": { "@deepseek-ai/cordis": "^4.0.2" } }, "sha512-y2RHIag3kzLdY8kTBuSUSTsKzWPscJrysNObXTiNM7stXLpa3jXpshsB1caqGzNx50vYcmHeN1gFVECgx3NZHg=="],

    "@deepseek-ai/dsh-commands/@deepseek-ai/dsh-typert-protocol": ["@deepseek-ai/dsh-typert-protocol@0.1.2-rc.1", "", { "peerDependencies": { "@deepseek-ai/cordis": "^4.0.2" } }, "sha512-vBWD0NpriPd96ltbWaAw+iKeWFIEjiAcCWYtmqEcV1Ms+FaV02usjjm7LCmhSQhMZpBSBc7EZUX0spGlpjI1bA=="],

    "@deepseek-ai/dsh-commands/@deepseek-ai/dsh-util-crypto": ["@deepseek-ai/dsh-util-crypto@0.1.2-rc.1", "", { "peerDependencies": { "@deepseek-ai/cordis": "^4.0.2" } }, "sha512-gE8FznQ1hkknw9QMrHNSlm3UEyRYuj3MLVvlJ6NyH1kmOsdjnbrVbSs+Pn72k2oIV4Fiyu3Umg0sLznUEcsiXw=="],

    "@deepseek-ai/dsh-user-approval/@deepseek-ai/dsh-brand": ["@deepseek-ai/dsh-brand@0.1.2-rc.1", "", { "peerDependencies": { "@deepseek-ai/cordis": "^4.0.2" } }, "sha512-y2RHIag3kzLdY8kTBuSUSTsKzWPscJrysNObXTiNM7stXLpa3jXpshsB1caqGzNx50vYcmHeN1gFVECgx3NZHg=="],
  }
}
